
Microsoft Visual Studio Solution File, Format Version 12.00
# Visual Studio Version 17
VisualStudioVersion = 17.4.33213.308
MinimumVisualStudioVersion = 10.0.40219.1
Project("{9A19103F-16F7-4668-BE54-9A1E7A4F7556}") = "cottages_asp", "cottages_asp.csproj", "{6154897D-0868-44A1-829C-86F19F042A22}"
EndProject
Global
	GlobalSection(SolutionConfigurationPlatforms) = preSolution
		Debug|Any CPU = Debug|Any CPU
		Release|Any CPU = Release|Any CPU
	EndGlobalSection
	GlobalSection(ProjectConfigurationPlatforms) = postSolution
		{6154897D-0868-44A1-829C-86F19F042A22}.Debug|Any CPU.ActiveCfg = Debug|Any CPU
		{6154897D-0868-44A1-829C-86F19F042A22}.Debug|Any CPU.Build.0 = Debug|Any CPU
		{6154897D-0868-44A1-829C-86F19F042A22}.Release|Any CPU.ActiveCfg = Release|Any CPU
		{6154897D-0868-44A1-829C-86F19F042A22}.Release|Any CPU.Build.0 = Release|Any CPU
	EndGlobalSection
	GlobalSection(SolutionProperties) = preSolution
		HideSolutionNode = FALSE
	EndGlobalSection
	GlobalSection(ExtensibilityGlobals) = postSolution
		SolutionGuid = {57C9B1AA-EB93-4B6E-9EC3-EFD417CAAF34}
	EndGlobalSection
EndGlobal
