
Microsoft Visual Studio Solution File, Format Version 12.00
# Visual Studio Version 16
VisualStudioVersion = 25.0.1706.4
MinimumVisualStudioVersion = 10.0.40219.1
Project("{FAE04EC0-301F-11D3-BF4B-00C04F79EFBC}") = "cottages_asp", "cottages_asp.csproj", "{43CE7C3E-368A-4A07-8758-3E5D2B394707}"
EndProject
Global
	GlobalSection(SolutionConfigurationPlatforms) = preSolution
		Debug|Any CPU = Debug|Any CPU
		Release|Any CPU = Release|Any CPU
	EndGlobalSection
	GlobalSection(ProjectConfigurationPlatforms) = postSolution
		{43CE7C3E-368A-4A07-8758-3E5D2B394707}.Debug|Any CPU.ActiveCfg = Debug|Any CPU
		{43CE7C3E-368A-4A07-8758-3E5D2B394707}.Debug|Any CPU.Build.0 = Debug|Any CPU
		{43CE7C3E-368A-4A07-8758-3E5D2B394707}.Release|Any CPU.ActiveCfg = Release|Any CPU
		{43CE7C3E-368A-4A07-8758-3E5D2B394707}.Release|Any CPU.Build.0 = Release|Any CPU
	EndGlobalSection
	GlobalSection(SolutionProperties) = preSolution
		HideSolutionNode = FALSE
	EndGlobalSection
	GlobalSection(ExtensibilityGlobals) = postSolution
		SolutionGuid = {D57C7881-50FD-43D4-A3C5-C9B8DFCAE9D4}
	EndGlobalSection
EndGlobal
